{
  "version": 4,
  "terraform_version": "1.0.11",
  "serial": 4,
  "lineage": "dbc6dfc6-a3e0-29e8-02f7-ab8c510e2e1b",
  "outputs": {
    "external_ip_address_VM_01": {
      "value": "51.250.18.1",
      "type": "string"
    },
    "internal_ip_address_VM_01": {
      "value": "192.168.1.13",
      "type": "string"
    }
  },
  "resources": [
    {
      "mode": "managed",
      "type": "yandex_compute_instance",
      "name": "VM-01",
      "provider": "provider[\"registry.terraform.io/yandex-cloud/yandex\"]",
      "instances": [
        {
          "schema_version": 1,
          "attributes": {
            "allow_stopping_for_update": null,
            "boot_disk": [
              {
                "auto_delete": true,
                "device_name": "epdnlecufot9g9qjvqes",
                "disk_id": "epdnlecufot9g9qjvqes",
                "initialize_params": [
                  {
                    "description": "",
                    "image_id": "fd87kbts7j40q5b9rpjr",
                    "name": "",
                    "size": 10,
                    "snapshot_id": "",
                    "type": "network-hdd"
                  }
                ],
                "mode": "READ_WRITE"
              }
            ],
            "created_at": "2021-11-13T22:18:16Z",
            "description": "",
            "folder_id": "b1guvngenjnqosl63v2v",
            "fqdn": "epdqau52jjvjsutqqulq.auto.internal",
            "hostname": "epdqau52jjvjsutqqulq",
            "id": "epdqau52jjvjsutqqulq",
            "labels": null,
            "metadata": {
              "user-data": "#cloud-config\nusers:\n - name: vagrant\n   groups: sudo\n   shell: /bin/bash\n   sudo: ['ALL=(ALL) NOPASSWD:ALL']\n   ssh-authorized-keys:\n     - ssh-rsa AAAAB3NzaC1yc2EAAAADAQABAAABgQCzfugSZeZzVVCk45oRDeipXd5jMKjelVQZ+f6qgvvFpP1TUi1FqkHIfSE63GfdVV1mOTC29FCySe6U1+yv3Lz9TjuU1yeR2Tryy+Yj5ZbKtR3FH4yw3aqP2AQxSHogUxsGnjBqmOL78DNIBTWjbhOgkLfKjxuiXklFs8FZdzLCDUPhvesHaArRYpU2xhoQYqBsV0KWs8myHsRrbzrJVEr69bmgH3lvqXq/GpijhqatW12WwFuh6j1SgLvqzTouVjt+9cp3Qfa75L90qQ95Kd/Ft/0TJfYAtsBqKMWHEsdo7FJm7aE8+CauTJYo8BmyF5QO4i2VUsitN0hkcJdPilaq9Ww+vrWCplhUmuyLj5muab6RmiBQ2kOjhm1Mg4Z6B+7CYvE6Gq3kpR7lD2mQ0sGKd0bZWhc0rzy5aflPbMxRiD/qAY7fqzrkYakkvYr9ifgcggV9NxdKyZ1BDA8emS1/uTqQPgVBXPpNhJjiGAJn10h4kRnVZgXaxVLpxJBmdkk= vagrant@vagrant\n"
            },
            "name": "terraform-vm-homework-1",
            "network_acceleration_type": "standard",
            "network_interface": [
              {
                "dns_record": [],
                "index": 0,
                "ip_address": "192.168.1.13",
                "ipv4": true,
                "ipv6": false,
                "ipv6_address": "",
                "ipv6_dns_record": [],
                "mac_address": "d0:0d:1a:57:8a:29",
                "nat": true,
                "nat_dns_record": [],
                "nat_ip_address": "51.250.18.1",
                "nat_ip_version": "IPV4",
                "security_group_ids": [],
                "subnet_id": "e2lr2cbf4rmfbmavi8al"
              }
            ],
            "placement_policy": [
              {
                "placement_group_id": ""
              }
            ],
            "platform_id": "standard-v1",
            "resources": [
              {
                "core_fraction": 100,
                "cores": 2,
                "gpus": 0,
                "memory": 2
              }
            ],
            "scheduling_policy": [
              {
                "preemptible": false
              }
            ],
            "secondary_disk": [],
            "service_account_id": "",
            "status": "running",
            "timeouts": null,
            "zone": "ru-central1-b"
          },
          "sensitive_attributes": [],
          "private": "eyJlMmJmYjczMC1lY2FhLTExZTYtOGY4OC0zNDM2M2JjN2M0YzAiOnsiY3JlYXRlIjozMDAwMDAwMDAwMDAsImRlbGV0ZSI6MzAwMDAwMDAwMDAwLCJ1cGRhdGUiOjMwMDAwMDAwMDAwMH0sInNjaGVtYV92ZXJzaW9uIjoiMSJ9",
          "dependencies": [
            "yandex_vpc_network.network-1",
            "yandex_vpc_subnet.subnet-1"
          ]
        }
      ]
    },
    {
      "mode": "managed",
      "type": "yandex_vpc_network",
      "name": "network-1",
      "provider": "provider[\"registry.terraform.io/yandex-cloud/yandex\"]",
      "instances": [
        {
          "schema_version": 0,
          "attributes": {
            "created_at": "2021-11-13T22:18:13Z",
            "default_security_group_id": "",
            "description": "",
            "folder_id": "b1guvngenjnqosl63v2v",
            "id": "enp90g8u02ej5asbhbhm",
            "labels": {},
            "name": "network1",
            "subnet_ids": [],
            "timeouts": null
          },
          "sensitive_attributes": [],
          "private": "eyJlMmJmYjczMC1lY2FhLTExZTYtOGY4OC0zNDM2M2JjN2M0YzAiOnsiY3JlYXRlIjo2MDAwMDAwMDAwMCwiZGVsZXRlIjo2MDAwMDAwMDAwMCwidXBkYXRlIjo2MDAwMDAwMDAwMH19"
        }
      ]
    },
    {
      "mode": "managed",
      "type": "yandex_vpc_subnet",
      "name": "subnet-1",
      "provider": "provider[\"registry.terraform.io/yandex-cloud/yandex\"]",
      "instances": [
        {
          "schema_version": 0,
          "attributes": {
            "created_at": "2021-11-13T22:18:14Z",
            "description": "",
            "dhcp_options": [],
            "folder_id": "b1guvngenjnqosl63v2v",
            "id": "e2lr2cbf4rmfbmavi8al",
            "labels": {},
            "name": "subnet1",
            "network_id": "enp90g8u02ej5asbhbhm",
            "route_table_id": "",
            "timeouts": null,
            "v4_cidr_blocks": [
              "192.168.1.0/24"
            ],
            "v6_cidr_blocks": [],
            "zone": "ru-central1-b"
          },
          "sensitive_attributes": [],
          "private": "eyJlMmJmYjczMC1lY2FhLTExZTYtOGY4OC0zNDM2M2JjN2M0YzAiOnsiY3JlYXRlIjoxODAwMDAwMDAwMDAsImRlbGV0ZSI6MTgwMDAwMDAwMDAwLCJ1cGRhdGUiOjE4MDAwMDAwMDAwMH19",
          "dependencies": [
            "yandex_vpc_network.network-1"
          ]
        }
      ]
    }
  ]
}
