{
  "version": 4,
  "terraform_version": "0.15.0",
  "serial": 4,
  "lineage": "c581bad2-5fe0-f70b-1b44-32e232a621bc",
  "outputs": {
    "external_ip_address_VM_01": {
      "value": "51.250.20.68",
      "type": "string"
    },
    "internal_ip_address_VM_01": {
      "value": "192.168.1.5",
      "type": "string"
    }
  },
  "resources": [
    {
      "mode": "managed",
      "type": "yandex_compute_instance",
      "name": "VM-01",
      "provider": "provider[\"registry.terraform.io/yandex-cloud/yandex\"]",
      "instances": [
        {
          "schema_version": 1,
          "attributes": {
            "allow_stopping_for_update": null,
            "boot_disk": [
              {
                "auto_delete": true,
                "device_name": "epdc79hjph57bu2fflfo",
                "disk_id": "epdc79hjph57bu2fflfo",
                "initialize_params": [
                  {
                    "description": "",
                    "image_id": "fd87kbts7j40q5b9rpjr",
                    "name": "",
                    "size": 10,
                    "snapshot_id": "",
                    "type": "network-hdd"
                  }
                ],
                "mode": "READ_WRITE"
              }
            ],
            "created_at": "2021-11-13T18:48:29Z",
            "description": "",
            "folder_id": "b1guvngenjnqosl63v2v",
            "fqdn": "epd4kcjnj0nd9am3oads.auto.internal",
            "hostname": "epd4kcjnj0nd9am3oads",
            "id": "epd4kcjnj0nd9am3oads",
            "labels": null,
            "metadata": {
              "user-data": "#cloud-config\nusers:\n - name: vagrant\n   groups: sudo\n   shell: /bin/bash\n   sudo: ['ALL=(ALL) NOPASSWD:ALL']\n   ssh-authorized-keys:\n     - ssh-rsa AAAAB3NzaC1yc2EAAAADAQABAAABgQCnZ5aCV7t6zazUZi3Ao7ck8Uvc6YC4IrTUmT/jQUfcV6LUX1qgzSoTnRnyNeqo3O+5RjcShWoGN6OeyRq54qdKqV1GsFqh7DVVfssvvycqG7vKQ+Qg6nuPN3vdyy84N/vWFPr+B+bsm+q/PLNua0Hmd9N6ruW+BaTEJq7NFAOM0iTArdfZaL8KFWAx2QkivWYB+CNEgtHIVJER5jRIz904Lb5lBoYso3vICPKNw3Ye4K61f/2nHgoo71dB9D/ocqjqtBuCKUjma9H6BmB2LnaLTSbqOJn/uXvULTXZufYn37X57v++xke5hn9v3utLfjHbBNnF6CiQe1+DRIqMUIH6xCbhlidBJHWs92gvEMjEms/YN3/WTohD83SP6wwhLPp2DEoslz5TBQhGPV7oBiFhwGCnqbLqN627eer/isczWoUX3k/3OeilfeI6Ij/BeEByuBcvOShlG92ytBgmronEG93GaPyvf0HGm+wx2+cmmW6Upd/OzJh97pB8ggkP6uM= vagrant@vagrant\n"
            },
            "name": "terraform-vm-homework-1",
            "network_acceleration_type": "standard",
            "network_interface": [
              {
                "dns_record": [],
                "index": 0,
                "ip_address": "192.168.1.5",
                "ipv4": true,
                "ipv6": false,
                "ipv6_address": "",
                "ipv6_dns_record": [],
                "mac_address": "d0:0d:4a:32:77:98",
                "nat": true,
                "nat_dns_record": [],
                "nat_ip_address": "51.250.20.68",
                "nat_ip_version": "IPV4",
                "security_group_ids": [],
                "subnet_id": "e2lhg51ljliort42ii2m"
              }
            ],
            "placement_policy": [
              {
                "placement_group_id": ""
              }
            ],
            "platform_id": "standard-v1",
            "resources": [
              {
                "core_fraction": 100,
                "cores": 2,
                "gpus": 0,
                "memory": 2
              }
            ],
            "scheduling_policy": [
              {
                "preemptible": false
              }
            ],
            "secondary_disk": [],
            "service_account_id": "",
            "status": "running",
            "timeouts": null,
            "zone": "ru-central1-b"
          },
          "sensitive_attributes": [],
          "private": "eyJlMmJmYjczMC1lY2FhLTExZTYtOGY4OC0zNDM2M2JjN2M0YzAiOnsiY3JlYXRlIjozMDAwMDAwMDAwMDAsImRlbGV0ZSI6MzAwMDAwMDAwMDAwLCJ1cGRhdGUiOjMwMDAwMDAwMDAwMH0sInNjaGVtYV92ZXJzaW9uIjoiMSJ9",
          "dependencies": [
            "yandex_vpc_network.network-1",
            "yandex_vpc_subnet.subnet-1"
          ]
        }
      ]
    },
    {
      "mode": "managed",
      "type": "yandex_vpc_network",
      "name": "network-1",
      "provider": "provider[\"registry.terraform.io/yandex-cloud/yandex\"]",
      "instances": [
        {
          "schema_version": 0,
          "attributes": {
            "created_at": "2021-11-13T18:48:27Z",
            "default_security_group_id": "",
            "description": "",
            "folder_id": "b1guvngenjnqosl63v2v",
            "id": "enp66b5jvrt9gu4mtv78",
            "labels": {},
            "name": "network1",
            "subnet_ids": [],
            "timeouts": null
          },
          "sensitive_attributes": [],
          "private": "eyJlMmJmYjczMC1lY2FhLTExZTYtOGY4OC0zNDM2M2JjN2M0YzAiOnsiY3JlYXRlIjo2MDAwMDAwMDAwMCwiZGVsZXRlIjo2MDAwMDAwMDAwMCwidXBkYXRlIjo2MDAwMDAwMDAwMH19"
        }
      ]
    },
    {
      "mode": "managed",
      "type": "yandex_vpc_subnet",
      "name": "subnet-1",
      "provider": "provider[\"registry.terraform.io/yandex-cloud/yandex\"]",
      "instances": [
        {
          "schema_version": 0,
          "attributes": {
            "created_at": "2021-11-13T18:48:28Z",
            "description": "",
            "dhcp_options": [],
            "folder_id": "b1guvngenjnqosl63v2v",
            "id": "e2lhg51ljliort42ii2m",
            "labels": {},
            "name": "subnet1",
            "network_id": "enp66b5jvrt9gu4mtv78",
            "route_table_id": "",
            "timeouts": null,
            "v4_cidr_blocks": [
              "192.168.1.0/24"
            ],
            "v6_cidr_blocks": [],
            "zone": "ru-central1-b"
          },
          "sensitive_attributes": [],
          "private": "eyJlMmJmYjczMC1lY2FhLTExZTYtOGY4OC0zNDM2M2JjN2M0YzAiOnsiY3JlYXRlIjoxODAwMDAwMDAwMDAsImRlbGV0ZSI6MTgwMDAwMDAwMDAwLCJ1cGRhdGUiOjE4MDAwMDAwMDAwMH19",
          "dependencies": [
            "yandex_vpc_network.network-1"
          ]
        }
      ]
    }
  ]
}
