{
  "version": 4,
  "terraform_version": "0.15.0",
  "serial": 16,
  "lineage": "11f6c7e8-c8b9-5dd8-bf19-0b74b623ff13",
  "outputs": {
    "external_ip_address_virtualmachine": {
      "value": "51.250.19.157",
      "type": "string"
    },
    "internal_ip_address_virtualmachine": {
      "value": "192.168.10.7",
      "type": "string"
    }
  },
  "resources": [
    {
      "mode": "managed",
      "type": "yandex_compute_instance",
      "name": "virtualmachine",
      "provider": "provider[\"registry.terraform.io/yandex-cloud/yandex\"]",
      "instances": [
        {
          "schema_version": 1,
          "attributes": {
            "allow_stopping_for_update": null,
            "boot_disk": [
              {
                "auto_delete": true,
                "device_name": "epdbdoaqcu0dm7ht4g73",
                "disk_id": "epdbdoaqcu0dm7ht4g73",
                "initialize_params": [
                  {
                    "description": "",
                    "image_id": "fd87kbts7j40q5b9rpjr",
                    "name": "",
                    "size": 10,
                    "snapshot_id": "",
                    "type": "network-hdd"
                  }
                ],
                "mode": "READ_WRITE"
              }
            ],
            "created_at": "2021-11-13T16:26:37Z",
            "description": "",
            "folder_id": "b1guvngenjnqosl63v2v",
            "fqdn": "epd6tbiv34743v8sumb0.auto.internal",
            "hostname": "epd6tbiv34743v8sumb0",
            "id": "epd6tbiv34743v8sumb0",
            "labels": null,
            "metadata": {
              "user-data": "users:\n - name: b1t\n   groups: sudo\n   shell: /bin/bash\n   sudo: ['ALL=(ALL) NOPASSWD:ALL']\n   ssh-authorized-keys:\n     - ssh-rsa  AAAAB3NzaC1yc2EAAAADAQABAAABgQDZSp+OXA9TD6csL9SVyybqzk+mAZ+iHd7BPPUW9Jh0Vm3cAkKPxrnQ6DkF8Pyw9vW+WlVzFLaL+qhf2N1OuswJc7FpZ06hkjoXHbjdj8zUFf2Um5FHYF80dqOfK7XtjrsaDc9KUDPRbHRoBc+UlrcFddnZ4ApxNxwcU74YmgqC38TP1dpDEgwj/of5Uu9h6B3J6XPBXNN0h7m3zywRsBfJ3Te9v07tyQvUH3/iNgBKn5a5R24F6VHuiga7bOPDgLi3tPNMokdk1lSjdryuK3qH2v807RKgEn7lwl7ax3YkphBRlHjyZQFPYpghy+18MdP/SpsmxMIYT2OvoSVGY8htPKVnC3y6vpiZMQS6/Okzoj2EC8FuHZ3FWLrwrVLoccy/Hl+naI1uGERJZFB+0pVjpeez46ls2w6l3aai6Qh1t4bed9c5pYkmI5Yka/G8mHaeq2xTYRTgSFUaXE9UF4BzkIFCrN9OW3ZB815RpV8a/NPUMF4GCbpSgisTJfEF898= root@vagrant \n"
            },
            "name": "terraform-vm-homework",
            "network_acceleration_type": "standard",
            "network_interface": [
              {
                "dns_record": [],
                "index": 0,
                "ip_address": "192.168.10.7",
                "ipv4": true,
                "ipv6": false,
                "ipv6_address": "",
                "ipv6_dns_record": [],
                "mac_address": "d0:0d:6e:ae:5f:19",
                "nat": true,
                "nat_dns_record": [],
                "nat_ip_address": "51.250.19.157",
                "nat_ip_version": "IPV4",
                "security_group_ids": [],
                "subnet_id": "e2lttem0qsphureg3pqu"
              }
            ],
            "placement_policy": [
              {
                "placement_group_id": ""
              }
            ],
            "platform_id": "standard-v1",
            "resources": [
              {
                "core_fraction": 100,
                "cores": 2,
                "gpus": 0,
                "memory": 2
              }
            ],
            "scheduling_policy": [
              {
                "preemptible": false
              }
            ],
            "secondary_disk": [],
            "service_account_id": "",
            "status": "running",
            "timeouts": null,
            "zone": "ru-central1-b"
          },
          "sensitive_attributes": [],
          "private": "eyJlMmJmYjczMC1lY2FhLTExZTYtOGY4OC0zNDM2M2JjN2M0YzAiOnsiY3JlYXRlIjozMDAwMDAwMDAwMDAsImRlbGV0ZSI6MzAwMDAwMDAwMDAwLCJ1cGRhdGUiOjMwMDAwMDAwMDAwMH0sInNjaGVtYV92ZXJzaW9uIjoiMSJ9",
          "dependencies": [
            "yandex_vpc_network.network-1",
            "yandex_vpc_subnet.subnet-1"
          ]
        }
      ]
    },
    {
      "mode": "managed",
      "type": "yandex_vpc_network",
      "name": "network-1",
      "provider": "provider[\"registry.terraform.io/yandex-cloud/yandex\"]",
      "instances": [
        {
          "schema_version": 0,
          "attributes": {
            "created_at": "2021-11-13T16:26:35Z",
            "default_security_group_id": "",
            "description": "",
            "folder_id": "b1guvngenjnqosl63v2v",
            "id": "enpg7orq8lu6f2mm1f5i",
            "labels": {},
            "name": "network1",
            "subnet_ids": [],
            "timeouts": null
          },
          "sensitive_attributes": [],
          "private": "eyJlMmJmYjczMC1lY2FhLTExZTYtOGY4OC0zNDM2M2JjN2M0YzAiOnsiY3JlYXRlIjo2MDAwMDAwMDAwMCwiZGVsZXRlIjo2MDAwMDAwMDAwMCwidXBkYXRlIjo2MDAwMDAwMDAwMH19"
        }
      ]
    },
    {
      "mode": "managed",
      "type": "yandex_vpc_subnet",
      "name": "subnet-1",
      "provider": "provider[\"registry.terraform.io/yandex-cloud/yandex\"]",
      "instances": [
        {
          "schema_version": 0,
          "attributes": {
            "created_at": "2021-11-13T16:26:36Z",
            "description": "",
            "dhcp_options": [],
            "folder_id": "b1guvngenjnqosl63v2v",
            "id": "e2lttem0qsphureg3pqu",
            "labels": {},
            "name": "subnet1",
            "network_id": "enpg7orq8lu6f2mm1f5i",
            "route_table_id": "",
            "timeouts": null,
            "v4_cidr_blocks": [
              "192.168.10.0/24"
            ],
            "v6_cidr_blocks": [],
            "zone": "ru-central1-b"
          },
          "sensitive_attributes": [],
          "private": "eyJlMmJmYjczMC1lY2FhLTExZTYtOGY4OC0zNDM2M2JjN2M0YzAiOnsiY3JlYXRlIjoxODAwMDAwMDAwMDAsImRlbGV0ZSI6MTgwMDAwMDAwMDAwLCJ1cGRhdGUiOjE4MDAwMDAwMDAwMH19",
          "dependencies": [
            "yandex_vpc_network.network-1"
          ]
        }
      ]
    }
  ]
}
